
Microsoft Visual Studio Solution File, Format Version 12.00
# Visual Studio Version 17
VisualStudioVersion = 17.3.32804.467
MinimumVisualStudioVersion = 10.0.40219.1
Project("{9A19103F-16F7-4668-BE54-9A1E7A4F7556}") = "DDGofStrategy", "DDGofStrategy\DDGofStrategy.csproj", "{7DD9C3CF-1F84-4D7D-ADB0-B68DA67041E7}"
EndProject
Project("{9A19103F-16F7-4668-BE54-9A1E7A4F7556}") = "DDGofChainOfResponsability", "DDGofChainOfResponsability\DDGofChainOfResponsability.csproj", "{E955F85D-749B-4BA4-B49F-C199E43D9740}"
EndProject
Project("{9A19103F-16F7-4668-BE54-9A1E7A4F7556}") = "DDDAOEntity", "DDDAOEntity\DDDAOEntity.csproj", "{F0A50FCB-E2F7-4CF5-9974-8115F12BCB9A}"
EndProject
Project("{9A19103F-16F7-4668-BE54-9A1E7A4F7556}") = "DDGofTemplateMethod", "DDGofTemplateMethod\DDGofTemplateMethod.csproj", "{EC535EB8-D2F9-4BA6-A7CB-54AFA34CED52}"
EndProject
Project("{9A19103F-16F7-4668-BE54-9A1E7A4F7556}") = "DDGofState", "DDGoFState\DDGofState.csproj", "{2CA2A8C5-6DFB-4CAF-882B-5CB82C786187}"
EndProject
Project("{9A19103F-16F7-4668-BE54-9A1E7A4F7556}") = "DDGofCompositeDecorator", "DDGofCompositeDecorator\DDGofCompositeDecorator.csproj", "{201CC1BF-04C0-4557-93FC-7D7128FF1C90}"
EndProject
Project("{9A19103F-16F7-4668-BE54-9A1E7A4F7556}") = "DDGofBuilder", "DDGofBuilder\DDGofBuilder.csproj", "{3226F8EA-BB06-4BCB-8173-729B8F7D96FA}"
EndProject
Project("{9A19103F-16F7-4668-BE54-9A1E7A4F7556}") = "DDGofObserver", "DDGofObserver\DDGofObserver.csproj", "{4F8EA804-B722-4693-B409-11E957040459}"
EndProject
Project("{9A19103F-16F7-4668-BE54-9A1E7A4F7556}") = "DDGofCompositeDecoratorFilter", "DDGofCompositeDecoratorFilter\DDGofCompositeDecoratorFilter.csproj", "{2CADC50B-A515-4C57-BEF1-DC60835C6F45}"
EndProject
Project("{9A19103F-16F7-4668-BE54-9A1E7A4F7556}") = "DDGofTemplateMethodReport", "DDGofTemplateMethodReport\DDGofTemplateMethodReport.csproj", "{F5C6124B-F963-4BB6-8C04-012F34FD5D66}"
EndProject
Project("{9A19103F-16F7-4668-BE54-9A1E7A4F7556}") = "DDGofChainOfResponsabilityResponse", "DDGofChainOfResponsabilityResponse\DDGofChainOfResponsabilityResponse.csproj", "{17ED8587-BEA6-4F5A-B549-8DAAA8FBBAE3}"
EndProject
Project("{9A19103F-16F7-4668-BE54-9A1E7A4F7556}") = "DDGofStrategyInvestimento", "DDGofStrategyInvestimento\DDGofStrategyInvestimento.csproj", "{05BCE05E-7D70-4E27-92CE-0381A248B576}"
EndProject
Project("{FAE04EC0-301F-11D3-BF4B-00C04F79EFBC}") = "DDGofStatePositivoNegativo", "DDGofStatePositivoNegativo\DDGofStatePositivoNegativo.csproj", "{0B7501C0-A6D5-47D0-BA18-728CEFD0FF8A}"
EndProject
Project("{FAE04EC0-301F-11D3-BF4B-00C04F79EFBC}") = "DDGofFactoryMethod", "DDGofFactoryMethod\DDGofFactoryMethod.csproj", "{0A9994B0-A28A-4DE3-A1A5-75E0D624A286}"
EndProject
Project("{FAE04EC0-301F-11D3-BF4B-00C04F79EFBC}") = "DDGofFlyweight", "DDGofFlyweight\DDGofFlyweight.csproj", "{BBC8F616-1DDA-4BAB-B9BB-B25F57DC987B}"
EndProject
Project("{FAE04EC0-301F-11D3-BF4B-00C04F79EFBC}") = "DDGofMemento", "DDGofMemento\DDGofMemento.csproj", "{D3C159E0-28B1-4A11-AF0D-3FE3DABF94E6}"
EndProject
Project("{FAE04EC0-301F-11D3-BF4B-00C04F79EFBC}") = "DDGofInterpreter", "DDGofInterpreter\DDGofInterpreter.csproj", "{916C985F-282A-4749-AE9D-06642BAE3ADC}"
EndProject
Project("{9A19103F-16F7-4668-BE54-9A1E7A4F7556}") = "DDGofVisitor", "DDGofVisitor\DDGofVisitor.csproj", "{67620DE0-530F-4F82-B407-EB6EFA9BAC7C}"
EndProject
Project("{9A19103F-16F7-4668-BE54-9A1E7A4F7556}") = "DDGofBridge", "DDGofBridge\DDGofBridge.csproj", "{878853E0-CA0E-4688-AAF8-770A97D78C8E}"
EndProject
Project("{9A19103F-16F7-4668-BE54-9A1E7A4F7556}") = "DDGofCommand", "DDGofCommand\DDGofCommand.csproj", "{57BA1A89-50D2-4E3A-B8CF-D433F7E9950A}"
EndProject
Project("{9A19103F-16F7-4668-BE54-9A1E7A4F7556}") = "DDGofAdapter", "DDGofAdapter\DDGofAdapter.csproj", "{7783F5F6-2ECE-4ECD-B325-F7E68F37FF64}"
EndProject
Project("{9A19103F-16F7-4668-BE54-9A1E7A4F7556}") = "DDGofFacade", "DDGofFacade\DDGofFacade.csproj", "{869E518C-4F73-4B35-9B78-0F85DB90DFA5}"
EndProject
Project("{9A19103F-16F7-4668-BE54-9A1E7A4F7556}") = "DDGofSingleton", "DDGofSingleton\DDGofSingleton.csproj", "{B27C5D03-55B8-468F-9383-7A827FAF4890}"
EndProject
Project("{9A19103F-16F7-4668-BE54-9A1E7A4F7556}") = "DDGofProxy", "DDGofProxy\DDGofProxy.csproj", "{8301805A-0332-48CD-915B-4549950BF9EC}"
EndProject
Project("{9A19103F-16F7-4668-BE54-9A1E7A4F7556}") = "DDGofIterator", "DDGofIterator\DDGofIterator.csproj", "{37157774-2F01-4A24-AA40-44E2E283C7FB}"
EndProject
Project("{9A19103F-16F7-4668-BE54-9A1E7A4F7556}") = "DDGofMediator", "DDGofMediator\DDGofMediator.csproj", "{3B7B2D8E-04D0-472B-83A0-9B974F1F13CF}"
EndProject
Project("{9A19103F-16F7-4668-BE54-9A1E7A4F7556}") = "DDGofPrototype", "DDGofPrototype\DDGofPrototype.csproj", "{B153FE84-584D-4432-82C7-5D52262983B7}"
EndProject
Project("{9A19103F-16F7-4668-BE54-9A1E7A4F7556}") = "DDGofAbstractFactory", "DDGofAbstractFactory\DDGofAbstractFactory.csproj", "{128110C4-05B3-40D7-A346-A295BA8AEA91}"
EndProject
Global
	GlobalSection(SolutionConfigurationPlatforms) = preSolution
		Debug|Any CPU = Debug|Any CPU
		Release|Any CPU = Release|Any CPU
	EndGlobalSection
	GlobalSection(ProjectConfigurationPlatforms) = postSolution
		{7DD9C3CF-1F84-4D7D-ADB0-B68DA67041E7}.Debug|Any CPU.ActiveCfg = Debug|Any CPU
		{7DD9C3CF-1F84-4D7D-ADB0-B68DA67041E7}.Debug|Any CPU.Build.0 = Debug|Any CPU
		{7DD9C3CF-1F84-4D7D-ADB0-B68DA67041E7}.Release|Any CPU.ActiveCfg = Release|Any CPU
		{7DD9C3CF-1F84-4D7D-ADB0-B68DA67041E7}.Release|Any CPU.Build.0 = Release|Any CPU
		{E955F85D-749B-4BA4-B49F-C199E43D9740}.Debug|Any CPU.ActiveCfg = Debug|Any CPU
		{E955F85D-749B-4BA4-B49F-C199E43D9740}.Debug|Any CPU.Build.0 = Debug|Any CPU
		{E955F85D-749B-4BA4-B49F-C199E43D9740}.Release|Any CPU.ActiveCfg = Release|Any CPU
		{E955F85D-749B-4BA4-B49F-C199E43D9740}.Release|Any CPU.Build.0 = Release|Any CPU
		{F0A50FCB-E2F7-4CF5-9974-8115F12BCB9A}.Debug|Any CPU.ActiveCfg = Debug|Any CPU
		{F0A50FCB-E2F7-4CF5-9974-8115F12BCB9A}.Debug|Any CPU.Build.0 = Debug|Any CPU
		{F0A50FCB-E2F7-4CF5-9974-8115F12BCB9A}.Release|Any CPU.ActiveCfg = Release|Any CPU
		{F0A50FCB-E2F7-4CF5-9974-8115F12BCB9A}.Release|Any CPU.Build.0 = Release|Any CPU
		{EC535EB8-D2F9-4BA6-A7CB-54AFA34CED52}.Debug|Any CPU.ActiveCfg = Debug|Any CPU
		{EC535EB8-D2F9-4BA6-A7CB-54AFA34CED52}.Debug|Any CPU.Build.0 = Debug|Any CPU
		{EC535EB8-D2F9-4BA6-A7CB-54AFA34CED52}.Release|Any CPU.ActiveCfg = Release|Any CPU
		{EC535EB8-D2F9-4BA6-A7CB-54AFA34CED52}.Release|Any CPU.Build.0 = Release|Any CPU
		{2CA2A8C5-6DFB-4CAF-882B-5CB82C786187}.Debug|Any CPU.ActiveCfg = Debug|Any CPU
		{2CA2A8C5-6DFB-4CAF-882B-5CB82C786187}.Debug|Any CPU.Build.0 = Debug|Any CPU
		{2CA2A8C5-6DFB-4CAF-882B-5CB82C786187}.Release|Any CPU.ActiveCfg = Release|Any CPU
		{2CA2A8C5-6DFB-4CAF-882B-5CB82C786187}.Release|Any CPU.Build.0 = Release|Any CPU
		{201CC1BF-04C0-4557-93FC-7D7128FF1C90}.Debug|Any CPU.ActiveCfg = Debug|Any CPU
		{201CC1BF-04C0-4557-93FC-7D7128FF1C90}.Debug|Any CPU.Build.0 = Debug|Any CPU
		{201CC1BF-04C0-4557-93FC-7D7128FF1C90}.Release|Any CPU.ActiveCfg = Release|Any CPU
		{201CC1BF-04C0-4557-93FC-7D7128FF1C90}.Release|Any CPU.Build.0 = Release|Any CPU
		{3226F8EA-BB06-4BCB-8173-729B8F7D96FA}.Debug|Any CPU.ActiveCfg = Debug|Any CPU
		{3226F8EA-BB06-4BCB-8173-729B8F7D96FA}.Debug|Any CPU.Build.0 = Debug|Any CPU
		{3226F8EA-BB06-4BCB-8173-729B8F7D96FA}.Release|Any CPU.ActiveCfg = Release|Any CPU
		{3226F8EA-BB06-4BCB-8173-729B8F7D96FA}.Release|Any CPU.Build.0 = Release|Any CPU
		{4F8EA804-B722-4693-B409-11E957040459}.Debug|Any CPU.ActiveCfg = Debug|Any CPU
		{4F8EA804-B722-4693-B409-11E957040459}.Debug|Any CPU.Build.0 = Debug|Any CPU
		{4F8EA804-B722-4693-B409-11E957040459}.Release|Any CPU.ActiveCfg = Release|Any CPU
		{4F8EA804-B722-4693-B409-11E957040459}.Release|Any CPU.Build.0 = Release|Any CPU
		{2CADC50B-A515-4C57-BEF1-DC60835C6F45}.Debug|Any CPU.ActiveCfg = Debug|Any CPU
		{2CADC50B-A515-4C57-BEF1-DC60835C6F45}.Debug|Any CPU.Build.0 = Debug|Any CPU
		{2CADC50B-A515-4C57-BEF1-DC60835C6F45}.Release|Any CPU.ActiveCfg = Release|Any CPU
		{2CADC50B-A515-4C57-BEF1-DC60835C6F45}.Release|Any CPU.Build.0 = Release|Any CPU
		{F5C6124B-F963-4BB6-8C04-012F34FD5D66}.Debug|Any CPU.ActiveCfg = Debug|Any CPU
		{F5C6124B-F963-4BB6-8C04-012F34FD5D66}.Debug|Any CPU.Build.0 = Debug|Any CPU
		{F5C6124B-F963-4BB6-8C04-012F34FD5D66}.Release|Any CPU.ActiveCfg = Release|Any CPU
		{F5C6124B-F963-4BB6-8C04-012F34FD5D66}.Release|Any CPU.Build.0 = Release|Any CPU
		{17ED8587-BEA6-4F5A-B549-8DAAA8FBBAE3}.Debug|Any CPU.ActiveCfg = Debug|Any CPU
		{17ED8587-BEA6-4F5A-B549-8DAAA8FBBAE3}.Debug|Any CPU.Build.0 = Debug|Any CPU
		{17ED8587-BEA6-4F5A-B549-8DAAA8FBBAE3}.Release|Any CPU.ActiveCfg = Release|Any CPU
		{17ED8587-BEA6-4F5A-B549-8DAAA8FBBAE3}.Release|Any CPU.Build.0 = Release|Any CPU
		{05BCE05E-7D70-4E27-92CE-0381A248B576}.Debug|Any CPU.ActiveCfg = Debug|Any CPU
		{05BCE05E-7D70-4E27-92CE-0381A248B576}.Debug|Any CPU.Build.0 = Debug|Any CPU
		{05BCE05E-7D70-4E27-92CE-0381A248B576}.Release|Any CPU.ActiveCfg = Release|Any CPU
		{05BCE05E-7D70-4E27-92CE-0381A248B576}.Release|Any CPU.Build.0 = Release|Any CPU
		{0B7501C0-A6D5-47D0-BA18-728CEFD0FF8A}.Debug|Any CPU.ActiveCfg = Debug|Any CPU
		{0B7501C0-A6D5-47D0-BA18-728CEFD0FF8A}.Debug|Any CPU.Build.0 = Debug|Any CPU
		{0B7501C0-A6D5-47D0-BA18-728CEFD0FF8A}.Release|Any CPU.ActiveCfg = Release|Any CPU
		{0B7501C0-A6D5-47D0-BA18-728CEFD0FF8A}.Release|Any CPU.Build.0 = Release|Any CPU
		{0A9994B0-A28A-4DE3-A1A5-75E0D624A286}.Debug|Any CPU.ActiveCfg = Debug|Any CPU
		{0A9994B0-A28A-4DE3-A1A5-75E0D624A286}.Debug|Any CPU.Build.0 = Debug|Any CPU
		{0A9994B0-A28A-4DE3-A1A5-75E0D624A286}.Release|Any CPU.ActiveCfg = Release|Any CPU
		{0A9994B0-A28A-4DE3-A1A5-75E0D624A286}.Release|Any CPU.Build.0 = Release|Any CPU
		{BBC8F616-1DDA-4BAB-B9BB-B25F57DC987B}.Debug|Any CPU.ActiveCfg = Debug|Any CPU
		{BBC8F616-1DDA-4BAB-B9BB-B25F57DC987B}.Debug|Any CPU.Build.0 = Debug|Any CPU
		{BBC8F616-1DDA-4BAB-B9BB-B25F57DC987B}.Release|Any CPU.ActiveCfg = Release|Any CPU
		{BBC8F616-1DDA-4BAB-B9BB-B25F57DC987B}.Release|Any CPU.Build.0 = Release|Any CPU
		{D3C159E0-28B1-4A11-AF0D-3FE3DABF94E6}.Debug|Any CPU.ActiveCfg = Debug|Any CPU
		{D3C159E0-28B1-4A11-AF0D-3FE3DABF94E6}.Debug|Any CPU.Build.0 = Debug|Any CPU
		{D3C159E0-28B1-4A11-AF0D-3FE3DABF94E6}.Release|Any CPU.ActiveCfg = Release|Any CPU
		{D3C159E0-28B1-4A11-AF0D-3FE3DABF94E6}.Release|Any CPU.Build.0 = Release|Any CPU
		{916C985F-282A-4749-AE9D-06642BAE3ADC}.Debug|Any CPU.ActiveCfg = Debug|Any CPU
		{916C985F-282A-4749-AE9D-06642BAE3ADC}.Debug|Any CPU.Build.0 = Debug|Any CPU
		{916C985F-282A-4749-AE9D-06642BAE3ADC}.Release|Any CPU.ActiveCfg = Release|Any CPU
		{916C985F-282A-4749-AE9D-06642BAE3ADC}.Release|Any CPU.Build.0 = Release|Any CPU
		{67620DE0-530F-4F82-B407-EB6EFA9BAC7C}.Debug|Any CPU.ActiveCfg = Debug|Any CPU
		{67620DE0-530F-4F82-B407-EB6EFA9BAC7C}.Debug|Any CPU.Build.0 = Debug|Any CPU
		{67620DE0-530F-4F82-B407-EB6EFA9BAC7C}.Release|Any CPU.ActiveCfg = Release|Any CPU
		{67620DE0-530F-4F82-B407-EB6EFA9BAC7C}.Release|Any CPU.Build.0 = Release|Any CPU
		{878853E0-CA0E-4688-AAF8-770A97D78C8E}.Debug|Any CPU.ActiveCfg = Debug|Any CPU
		{878853E0-CA0E-4688-AAF8-770A97D78C8E}.Debug|Any CPU.Build.0 = Debug|Any CPU
		{878853E0-CA0E-4688-AAF8-770A97D78C8E}.Release|Any CPU.ActiveCfg = Release|Any CPU
		{878853E0-CA0E-4688-AAF8-770A97D78C8E}.Release|Any CPU.Build.0 = Release|Any CPU
		{57BA1A89-50D2-4E3A-B8CF-D433F7E9950A}.Debug|Any CPU.ActiveCfg = Debug|Any CPU
		{57BA1A89-50D2-4E3A-B8CF-D433F7E9950A}.Debug|Any CPU.Build.0 = Debug|Any CPU
		{57BA1A89-50D2-4E3A-B8CF-D433F7E9950A}.Release|Any CPU.ActiveCfg = Release|Any CPU
		{57BA1A89-50D2-4E3A-B8CF-D433F7E9950A}.Release|Any CPU.Build.0 = Release|Any CPU
		{7783F5F6-2ECE-4ECD-B325-F7E68F37FF64}.Debug|Any CPU.ActiveCfg = Debug|Any CPU
		{7783F5F6-2ECE-4ECD-B325-F7E68F37FF64}.Debug|Any CPU.Build.0 = Debug|Any CPU
		{7783F5F6-2ECE-4ECD-B325-F7E68F37FF64}.Release|Any CPU.ActiveCfg = Release|Any CPU
		{7783F5F6-2ECE-4ECD-B325-F7E68F37FF64}.Release|Any CPU.Build.0 = Release|Any CPU
		{869E518C-4F73-4B35-9B78-0F85DB90DFA5}.Debug|Any CPU.ActiveCfg = Debug|Any CPU
		{869E518C-4F73-4B35-9B78-0F85DB90DFA5}.Debug|Any CPU.Build.0 = Debug|Any CPU
		{869E518C-4F73-4B35-9B78-0F85DB90DFA5}.Release|Any CPU.ActiveCfg = Release|Any CPU
		{869E518C-4F73-4B35-9B78-0F85DB90DFA5}.Release|Any CPU.Build.0 = Release|Any CPU
		{B27C5D03-55B8-468F-9383-7A827FAF4890}.Debug|Any CPU.ActiveCfg = Debug|Any CPU
		{B27C5D03-55B8-468F-9383-7A827FAF4890}.Debug|Any CPU.Build.0 = Debug|Any CPU
		{B27C5D03-55B8-468F-9383-7A827FAF4890}.Release|Any CPU.ActiveCfg = Release|Any CPU
		{B27C5D03-55B8-468F-9383-7A827FAF4890}.Release|Any CPU.Build.0 = Release|Any CPU
		{8301805A-0332-48CD-915B-4549950BF9EC}.Debug|Any CPU.ActiveCfg = Debug|Any CPU
		{8301805A-0332-48CD-915B-4549950BF9EC}.Debug|Any CPU.Build.0 = Debug|Any CPU
		{8301805A-0332-48CD-915B-4549950BF9EC}.Release|Any CPU.ActiveCfg = Release|Any CPU
		{8301805A-0332-48CD-915B-4549950BF9EC}.Release|Any CPU.Build.0 = Release|Any CPU
		{37157774-2F01-4A24-AA40-44E2E283C7FB}.Debug|Any CPU.ActiveCfg = Debug|Any CPU
		{37157774-2F01-4A24-AA40-44E2E283C7FB}.Debug|Any CPU.Build.0 = Debug|Any CPU
		{37157774-2F01-4A24-AA40-44E2E283C7FB}.Release|Any CPU.ActiveCfg = Release|Any CPU
		{37157774-2F01-4A24-AA40-44E2E283C7FB}.Release|Any CPU.Build.0 = Release|Any CPU
		{3B7B2D8E-04D0-472B-83A0-9B974F1F13CF}.Debug|Any CPU.ActiveCfg = Debug|Any CPU
		{3B7B2D8E-04D0-472B-83A0-9B974F1F13CF}.Debug|Any CPU.Build.0 = Debug|Any CPU
		{3B7B2D8E-04D0-472B-83A0-9B974F1F13CF}.Release|Any CPU.ActiveCfg = Release|Any CPU
		{3B7B2D8E-04D0-472B-83A0-9B974F1F13CF}.Release|Any CPU.Build.0 = Release|Any CPU
		{B153FE84-584D-4432-82C7-5D52262983B7}.Debug|Any CPU.ActiveCfg = Debug|Any CPU
		{B153FE84-584D-4432-82C7-5D52262983B7}.Debug|Any CPU.Build.0 = Debug|Any CPU
		{B153FE84-584D-4432-82C7-5D52262983B7}.Release|Any CPU.ActiveCfg = Release|Any CPU
		{B153FE84-584D-4432-82C7-5D52262983B7}.Release|Any CPU.Build.0 = Release|Any CPU
		{128110C4-05B3-40D7-A346-A295BA8AEA91}.Debug|Any CPU.ActiveCfg = Debug|Any CPU
		{128110C4-05B3-40D7-A346-A295BA8AEA91}.Debug|Any CPU.Build.0 = Debug|Any CPU
		{128110C4-05B3-40D7-A346-A295BA8AEA91}.Release|Any CPU.ActiveCfg = Release|Any CPU
		{128110C4-05B3-40D7-A346-A295BA8AEA91}.Release|Any CPU.Build.0 = Release|Any CPU
	EndGlobalSection
	GlobalSection(SolutionProperties) = preSolution
		HideSolutionNode = FALSE
	EndGlobalSection
	GlobalSection(ExtensibilityGlobals) = postSolution
		SolutionGuid = {F0876F92-B941-4FA4-89A2-6B4DBF66B890}
	EndGlobalSection
EndGlobal
